
Microsoft Visual Studio Solution File, Format Version 12.00
# Visual Studio Version 16
VisualStudioVersion = 16.0.30406.217
MinimumVisualStudioVersion = 10.0.40219.1
Project("{FAE04EC0-301F-11D3-BF4B-00C04F79EFBC}") = "LoginandRegisterMVC", "LoginandRegisterMVC\LoginandRegisterMVC.csproj", "{8C8F8ADD-95F8-4AD0-AB3B-485566A0E4F2}"
EndProject
Global
	GlobalSection(SolutionConfigurationPlatforms) = preSolution
		Debug|Any CPU = Debug|Any CPU
		Release|Any CPU = Release|Any CPU
	EndGlobalSection
	GlobalSection(ProjectConfigurationPlatforms) = postSolution
		{8C8F8ADD-95F8-4AD0-AB3B-485566A0E4F2}.Debug|Any CPU.ActiveCfg = Debug|Any CPU
		{8C8F8ADD-95F8-4AD0-AB3B-485566A0E4F2}.Debug|Any CPU.Build.0 = Debug|Any CPU
		{8C8F8ADD-95F8-4AD0-AB3B-485566A0E4F2}.Release|Any CPU.ActiveCfg = Release|Any CPU
		{8C8F8ADD-95F8-4AD0-AB3B-485566A0E4F2}.Release|Any CPU.Build.0 = Release|Any CPU
	EndGlobalSection
	GlobalSection(SolutionProperties) = preSolution
		HideSolutionNode = FALSE
	EndGlobalSection
	GlobalSection(ExtensibilityGlobals) = postSolution
		SolutionGuid = {16396209-4D8C-4DCE-A92E-534B6861345B}
	EndGlobalSection
EndGlobal
